// !$*UTF8*$!
{
	archiveVersion = 1;
	classes = {
	};
	objectVersion = 46;
	objects = {

/* Begin PBXBuildFile section */
		077ABAE904B94B2A279F7ADA /* Foundation.framework in Frameworks */ = {isa = PBXBuildFile; fileRef = 825692F1CB0877E229BEBB08 /* Foundation.framework */; };
		087F1A512FE8CF234B862B79 /* MetricTile.swift in Sources */ = {isa = PBXBuildFile; fileRef = 27F56FB3F06C5949FFBD89D5 /* MetricTile.swift */; };
		41D979C556695A4A2252D05D /* RunTrackerCore.swift in Sources */ = {isa = PBXBuildFile; fileRef = FEDCF8DEE7E756EC1C4E3DCB /* RunTrackerCore.swift */; };
		613FCD9F2E5A098C2FA14261 /* MintRideSWApp.swift in Sources */ = {isa = PBXBuildFile; fileRef = 6F7DDBC68464E7FF82E8ADE0 /* MintRideSWApp.swift */; };
		7EE2678A34CEF9E5E24EC171 /* AppSettings.swift in Sources */ = {isa = PBXBuildFile; fileRef = 16EE4C8268359A761C75ECA7 /* AppSettings.swift */; };
		9AD4B23A963AFA94F60D5192 /* MintRideSWTests.swift in Sources */ = {isa = PBXBuildFile; fileRef = F4BC9A81A53B79DC39BF5F7D /* MintRideSWTests.swift */; };
		B383ECFCBD5D770D47C62AA2 /* TelemetryModels.swift in Sources */ = {isa = PBXBuildFile; fileRef = 41B7DA0CE01760FB3AA700FE /* TelemetryModels.swift */; };
		BA37D5E45A9BD99A7D15AABE /* Formatters.swift in Sources */ = {isa = PBXBuildFile; fileRef = D9A129033641A099BD251A30 /* Formatters.swift */; };
		BD25B6B09AF37C4AA15BC32A /* TelemetryManager.swift in Sources */ = {isa = PBXBuildFile; fileRef = 2CDC3C9C17A237E928C25384 /* TelemetryManager.swift */; };
		C17DC2EC69365271B8C3B4EE /* StopwatchEngine.swift in Sources */ = {isa = PBXBuildFile; fileRef = D1EF97EB5EC993CCE0593F8A /* StopwatchEngine.swift */; };
		CE5D888FFB850FA62840F369 /* MainStopwatchView.swift in Sources */ = {isa = PBXBuildFile; fileRef = BBC77CE7429FA6F367576CA0 /* MainStopwatchView.swift */; };
		DBA6DEA32616BF49BE9E5E55 /* SettingsView.swift in Sources */ = {isa = PBXBuildFile; fileRef = EEBE7A8791F4E794ACD95C56 /* SettingsView.swift */; };
		EB38F1E30C1A99F4FE154520 /* BenchmarkTile.swift in Sources */ = {isa = PBXBuildFile; fileRef = B5207319D03F8D98C88EA134 /* BenchmarkTile.swift */; };
		F11B9F5B8736648E91A010F6 /* Foundation.framework in Frameworks */ = {isa = PBXBuildFile; fileRef = 825692F1CB0877E229BEBB08 /* Foundation.framework */; };
		FE0AAE9D10AB7BDB783A8A21 /* Assets.xcassets in Resources */ = {isa = PBXBuildFile; fileRef = 9620164FD03467766CB08FE6 /* Assets.xcassets */; };
/* End PBXBuildFile section */

/* Begin PBXContainerItemProxy section */
		8AD1B16C08F39819482EEF43 /* PBXContainerItemProxy */ = {
			isa = PBXContainerItemProxy;
			containerPortal = 677E1F8DB44D3EBD0DB61A71 /* Project object */;
			proxyType = 1;
			remoteGlobalIDString = 1A96B7CAA9693ECE80402966;
			remoteInfo = MintRideSW;
		};
/* End PBXContainerItemProxy section */

/* Begin PBXFileReference section */
		090FF2B4558741953CCF802B /* MintRideSW.app */ = {isa = PBXFileReference; explicitFileType = wrapper.application; includeInIndex = 0; path = MintRideSW.app; sourceTree = BUILT_PRODUCTS_DIR; };
		16EE4C8268359A761C75ECA7 /* AppSettings.swift */ = {isa = PBXFileReference; includeInIndex = 1; lastKnownFileType = sourcecode.swift; path = AppSettings.swift; sourceTree = "<group>"; };
		27F56FB3F06C5949FFBD89D5 /* MetricTile.swift */ = {isa = PBXFileReference; includeInIndex = 1; lastKnownFileType = sourcecode.swift; path = MetricTile.swift; sourceTree = "<group>"; };
		2CDC3C9C17A237E928C25384 /* TelemetryManager.swift */ = {isa = PBXFileReference; includeInIndex = 1; lastKnownFileType = sourcecode.swift; path = TelemetryManager.swift; sourceTree = "<group>"; };
		41B7DA0CE01760FB3AA700FE /* TelemetryModels.swift */ = {isa = PBXFileReference; includeInIndex = 1; lastKnownFileType = sourcecode.swift; path = TelemetryModels.swift; sourceTree = "<group>"; };
		43D6C023A1363549F48DB47E /* Info.plist */ = {isa = PBXFileReference; includeInIndex = 1; lastKnownFileType = text.plist.xml; path = Info.plist; sourceTree = "<group>"; };
		6F7DDBC68464E7FF82E8ADE0 /* MintRideSWApp.swift */ = {isa = PBXFileReference; includeInIndex = 1; lastKnownFileType = sourcecode.swift; path = MintRideSWApp.swift; sourceTree = "<group>"; };
		825692F1CB0877E229BEBB08 /* Foundation.framework */ = {isa = PBXFileReference; lastKnownFileType = wrapper.framework; name = Foundation.framework; path = Platforms/iPhoneOS.platform/Developer/SDKs/iPhoneOS18.0.sdk/System/Library/Frameworks/Foundation.framework; sourceTree = DEVELOPER_DIR; };
		9620164FD03467766CB08FE6 /* Assets.xcassets */ = {isa = PBXFileReference; includeInIndex = 1; lastKnownFileType = folder.assetcatalog; path = Assets.xcassets; sourceTree = "<group>"; };
		B5207319D03F8D98C88EA134 /* BenchmarkTile.swift */ = {isa = PBXFileReference; includeInIndex = 1; lastKnownFileType = sourcecode.swift; path = BenchmarkTile.swift; sourceTree = "<group>"; };
		BBC77CE7429FA6F367576CA0 /* MainStopwatchView.swift */ = {isa = PBXFileReference; includeInIndex = 1; lastKnownFileType = sourcecode.swift; path = MainStopwatchView.swift; sourceTree = "<group>"; };
		CE2BF15C9170A6873D56671C /* MintRideSWTests.xctest */ = {isa = PBXFileReference; explicitFileType = wrapper.cfbundle; includeInIndex = 0; path = MintRideSWTests.xctest; sourceTree = BUILT_PRODUCTS_DIR; };
		D1EF97EB5EC993CCE0593F8A /* StopwatchEngine.swift */ = {isa = PBXFileReference; includeInIndex = 1; lastKnownFileType = sourcecode.swift; path = StopwatchEngine.swift; sourceTree = "<group>"; };
		D9A129033641A099BD251A30 /* Formatters.swift */ = {isa = PBXFileReference; includeInIndex = 1; lastKnownFileType = sourcecode.swift; path = Formatters.swift; sourceTree = "<group>"; };
		EEBE7A8791F4E794ACD95C56 /* SettingsView.swift */ = {isa = PBXFileReference; includeInIndex = 1; lastKnownFileType = sourcecode.swift; path = SettingsView.swift; sourceTree = "<group>"; };
		F4BC9A81A53B79DC39BF5F7D /* MintRideSWTests.swift */ = {isa = PBXFileReference; includeInIndex = 1; lastKnownFileType = sourcecode.swift; path = MintRideSWTests.swift; sourceTree = "<group>"; };
		FEDCF8DEE7E756EC1C4E3DCB /* RunTrackerCore.swift */ = {isa = PBXFileReference; includeInIndex = 1; lastKnownFileType = sourcecode.swift; path = RunTrackerCore.swift; sourceTree = "<group>"; };
/* End PBXFileReference section */

/* Begin PBXFrameworksBuildPhase section */
		2385C1DA5071724254187935 /* Frameworks */ = {
			isa = PBXFrameworksBuildPhase;
			buildActionMask = 2147483647;
			files = (
				F11B9F5B8736648E91A010F6 /* Foundation.framework in Frameworks */,
			);
			runOnlyForDeploymentPostprocessing = 0;
		};
		8F58BAFA6B802D242638EC92 /* Frameworks */ = {
			isa = PBXFrameworksBuildPhase;
			buildActionMask = 2147483647;
			files = (
				077ABAE904B94B2A279F7ADA /* Foundation.framework in Frameworks */,
			);
			runOnlyForDeploymentPostprocessing = 0;
		};
/* End PBXFrameworksBuildPhase section */

/* Begin PBXGroup section */
		0385AF65D91730E03A6AA86E /* Utilities */ = {
			isa = PBXGroup;
			children = (
				D9A129033641A099BD251A30 /* Formatters.swift */,
			);
			path = Utilities;
			sourceTree = "<group>";
		};
		1819AD0961109BB862BD0BA7 /* iOS */ = {
			isa = PBXGroup;
			children = (
				825692F1CB0877E229BEBB08 /* Foundation.framework */,
			);
			name = iOS;
			sourceTree = "<group>";
		};
		3517173C41A1C25BD74BC577 /* Frameworks */ = {
			isa = PBXGroup;
			children = (
				1819AD0961109BB862BD0BA7 /* iOS */,
			);
			name = Frameworks;
			sourceTree = "<group>";
		};
		3C3253D098FA024B67BB4696 /* Products */ = {
			isa = PBXGroup;
			children = (
				090FF2B4558741953CCF802B /* MintRideSW.app */,
				CE2BF15C9170A6873D56671C /* MintRideSWTests.xctest */,
			);
			name = Products;
			sourceTree = "<group>";
		};
		406838E4106D0D8AE70ED5ED /* MintRideSWTests */ = {
			isa = PBXGroup;
			children = (
				F4BC9A81A53B79DC39BF5F7D /* MintRideSWTests.swift */,
			);
			path = MintRideSWTests;
			sourceTree = "<group>";
		};
		7975E718A2523A8B58CA196B = {
			isa = PBXGroup;
			children = (
				3C3253D098FA024B67BB4696 /* Products */,
				3517173C41A1C25BD74BC577 /* Frameworks */,
				AA00AE4FBA565CB913C7F53F /* MintRideSW */,
				406838E4106D0D8AE70ED5ED /* MintRideSWTests */,
			);
			sourceTree = "<group>";
		};
		A0985AAB3722ADE649AA724D /* Models */ = {
			isa = PBXGroup;
			children = (
				16EE4C8268359A761C75ECA7 /* AppSettings.swift */,
				41B7DA0CE01760FB3AA700FE /* TelemetryModels.swift */,
			);
			path = Models;
			sourceTree = "<group>";
		};
		AA00AE4FBA565CB913C7F53F /* MintRideSW */ = {
			isa = PBXGroup;
			children = (
				A0985AAB3722ADE649AA724D /* Models */,
				B8A06B32C908794834B3B915 /* Managers */,
				0385AF65D91730E03A6AA86E /* Utilities */,
				F2BEDADADEF1463388B57991 /* Views */,
				6F7DDBC68464E7FF82E8ADE0 /* MintRideSWApp.swift */,
				43D6C023A1363549F48DB47E /* Info.plist */,
				9620164FD03467766CB08FE6 /* Assets.xcassets */,
			);
			path = MintRideSW;
			sourceTree = "<group>";
		};
		B8A06B32C908794834B3B915 /* Managers */ = {
			isa = PBXGroup;
			children = (
				FEDCF8DEE7E756EC1C4E3DCB /* RunTrackerCore.swift */,
				D1EF97EB5EC993CCE0593F8A /* StopwatchEngine.swift */,
				2CDC3C9C17A237E928C25384 /* TelemetryManager.swift */,
			);
			path = Managers;
			sourceTree = "<group>";
		};
		F2BEDADADEF1463388B57991 /* Views */ = {
			isa = PBXGroup;
			children = (
				B5207319D03F8D98C88EA134 /* BenchmarkTile.swift */,
				BBC77CE7429FA6F367576CA0 /* MainStopwatchView.swift */,
				27F56FB3F06C5949FFBD89D5 /* MetricTile.swift */,
				EEBE7A8791F4E794ACD95C56 /* SettingsView.swift */,
			);
			path = Views;
			sourceTree = "<group>";
		};
/* End PBXGroup section */

/* Begin PBXNativeTarget section */
		1A96B7CAA9693ECE80402966 /* MintRideSW */ = {
			isa = PBXNativeTarget;
			buildConfigurationList = 1D5BC6670C5E492B2ED45FD7 /* Build configuration list for PBXNativeTarget "MintRideSW" */;
			buildPhases = (
				1518A87C9EC6332D34F85849 /* Sources */,
				2385C1DA5071724254187935 /* Frameworks */,
				4C3002645369E4E73EB095F9 /* Resources */,
			);
			buildRules = (
			);
			dependencies = (
			);
			name = MintRideSW;
			productName = MintRideSW;
			productReference = 090FF2B4558741953CCF802B /* MintRideSW.app */;
			productType = "com.apple.product-type.application";
		};
		CE015C70206AAA68ED78AFE4 /* MintRideSWTests */ = {
			isa = PBXNativeTarget;
			buildConfigurationList = DCDC22B91C07A2936F69DC03 /* Build configuration list for PBXNativeTarget "MintRideSWTests" */;
			buildPhases = (
				C28538B0363956C609294DDD /* Sources */,
				8F58BAFA6B802D242638EC92 /* Frameworks */,
				5B1F17AA10E67B8276269B5E /* Resources */,
			);
			buildRules = (
			);
			dependencies = (
				475823EAB34CE6208C93B954 /* PBXTargetDependency */,
			);
			name = MintRideSWTests;
			productName = MintRideSWTests;
			productReference = CE2BF15C9170A6873D56671C /* MintRideSWTests.xctest */;
			productType = "com.apple.product-type.bundle.unit-test";
		};
/* End PBXNativeTarget section */

/* Begin PBXProject section */
		677E1F8DB44D3EBD0DB61A71 /* Project object */ = {
			isa = PBXProject;
			attributes = {
				LastSwiftUpdateCheck = 1600;
				LastUpgradeCheck = 2600;
				TargetAttributes = {
					1A96B7CAA9693ECE80402966 = {
						DevelopmentTeam = JUQ9UN9NM7;
						ProvisioningStyle = Automatic;
					};
				};
			};
			buildConfigurationList = 44E73A911315D06C025C2EA4 /* Build configuration list for PBXProject "MintRideSW" */;
			compatibilityVersion = "Xcode 3.2";
			developmentRegion = en;
			hasScannedForEncodings = 0;
			knownRegions = (
				en,
				Base,
			);
			mainGroup = 7975E718A2523A8B58CA196B;
			productRefGroup = 3C3253D098FA024B67BB4696 /* Products */;
			projectDirPath = "";
			projectRoot = "";
			targets = (
				1A96B7CAA9693ECE80402966 /* MintRideSW */,
				CE015C70206AAA68ED78AFE4 /* MintRideSWTests */,
			);
		};
/* End PBXProject section */

/* Begin PBXResourcesBuildPhase section */
		4C3002645369E4E73EB095F9 /* Resources */ = {
			isa = PBXResourcesBuildPhase;
			buildActionMask = 2147483647;
			files = (
				FE0AAE9D10AB7BDB783A8A21 /* Assets.xcassets in Resources */,
			);
			runOnlyForDeploymentPostprocessing = 0;
		};
		5B1F17AA10E67B8276269B5E /* Resources */ = {
			isa = PBXResourcesBuildPhase;
			buildActionMask = 2147483647;
			files = (
			);
			runOnlyForDeploymentPostprocessing = 0;
		};
/* End PBXResourcesBuildPhase section */

/* Begin PBXSourcesBuildPhase section */
		1518A87C9EC6332D34F85849 /* Sources */ = {
			isa = PBXSourcesBuildPhase;
			buildActionMask = 2147483647;
			files = (
				613FCD9F2E5A098C2FA14261 /* MintRideSWApp.swift in Sources */,
				7EE2678A34CEF9E5E24EC171 /* AppSettings.swift in Sources */,
				B383ECFCBD5D770D47C62AA2 /* TelemetryModels.swift in Sources */,
				41D979C556695A4A2252D05D /* RunTrackerCore.swift in Sources */,
				C17DC2EC69365271B8C3B4EE /* StopwatchEngine.swift in Sources */,
				BD25B6B09AF37C4AA15BC32A /* TelemetryManager.swift in Sources */,
				BA37D5E45A9BD99A7D15AABE /* Formatters.swift in Sources */,
				EB38F1E30C1A99F4FE154520 /* BenchmarkTile.swift in Sources */,
				CE5D888FFB850FA62840F369 /* MainStopwatchView.swift in Sources */,
				087F1A512FE8CF234B862B79 /* MetricTile.swift in Sources */,
				DBA6DEA32616BF49BE9E5E55 /* SettingsView.swift in Sources */,
			);
			runOnlyForDeploymentPostprocessing = 0;
		};
		C28538B0363956C609294DDD /* Sources */ = {
			isa = PBXSourcesBuildPhase;
			buildActionMask = 2147483647;
			files = (
				9AD4B23A963AFA94F60D5192 /* MintRideSWTests.swift in Sources */,
			);
			runOnlyForDeploymentPostprocessing = 0;
		};
/* End PBXSourcesBuildPhase section */

/* Begin PBXTargetDependency section */
		475823EAB34CE6208C93B954 /* PBXTargetDependency */ = {
			isa = PBXTargetDependency;
			name = MintRideSW;
			target = 1A96B7CAA9693ECE80402966 /* MintRideSW */;
			targetProxy = 8AD1B16C08F39819482EEF43 /* PBXContainerItemProxy */;
		};
/* End PBXTargetDependency section */

/* Begin XCBuildConfiguration section */
		1F2E81349C0E6BE6B1CFD1C8 /* Release */ = {
			isa = XCBuildConfiguration;
			buildSettings = {
				ALWAYS_SEARCH_USER_PATHS = NO;
				CLANG_ANALYZER_NONNULL = YES;
				CLANG_ANALYZER_NUMBER_OBJECT_CONVERSION = YES_AGGRESSIVE;
				CLANG_CXX_LANGUAGE_STANDARD = "gnu++14";
				CLANG_CXX_LIBRARY = "libc++";
				CLANG_ENABLE_MODULES = YES;
				CLANG_ENABLE_OBJC_ARC = YES;
				CLANG_ENABLE_OBJC_WEAK = YES;
				CLANG_WARN_BLOCK_CAPTURE_AUTORELEASING = YES;
				CLANG_WARN_BOOL_CONVERSION = YES;
				CLANG_WARN_COMMA = YES;
				CLANG_WARN_CONSTANT_CONVERSION = YES;
				CLANG_WARN_DEPRECATED_OBJC_IMPLEMENTATIONS = YES;
				CLANG_WARN_DIRECT_OBJC_ISA_USAGE = YES_ERROR;
				CLANG_WARN_DOCUMENTATION_COMMENTS = YES;
				CLANG_WARN_EMPTY_BODY = YES;
				CLANG_WARN_ENUM_CONVERSION = YES;
				CLANG_WARN_INFINITE_RECURSION = YES;
				CLANG_WARN_INT_CONVERSION = YES;
				CLANG_WARN_NON_LITERAL_NULL_CONVERSION = YES;
				CLANG_WARN_OBJC_IMPLICIT_RETAIN_SELF = YES;
				CLANG_WARN_OBJC_LITERAL_CONVERSION = YES;
				CLANG_WARN_OBJC_ROOT_CLASS = YES_ERROR;
				CLANG_WARN_QUOTED_INCLUDE_IN_FRAMEWORK_HEADER = YES;
				CLANG_WARN_RANGE_LOOP_ANALYSIS = YES;
				CLANG_WARN_STRICT_PROTOTYPES = YES;
				CLANG_WARN_SUSPICIOUS_MOVE = YES;
				CLANG_WARN_UNGUARDED_AVAILABILITY = YES_AGGRESSIVE;
				CLANG_WARN_UNREACHABLE_CODE = YES;
				CLANG_WARN__DUPLICATE_METHOD_MATCH = YES;
				COPY_PHASE_STRIP = NO;
				DEBUG_INFORMATION_FORMAT = "dwarf-with-dsym";
				ENABLE_NS_ASSERTIONS = NO;
				ENABLE_STRICT_OBJC_MSGSEND = YES;
				GCC_C_LANGUAGE_STANDARD = gnu11;
				GCC_NO_COMMON_BLOCKS = YES;
				GCC_WARN_64_TO_32_BIT_CONVERSION = YES;
				GCC_WARN_ABOUT_RETURN_TYPE = YES_ERROR;
				GCC_WARN_UNDECLARED_SELECTOR = YES;
				GCC_WARN_UNINITIALIZED_AUTOS = YES_AGGRESSIVE;
				GCC_WARN_UNUSED_FUNCTION = YES;
				GCC_WARN_UNUSED_VARIABLE = YES;
				MTL_ENABLE_DEBUG_INFO = NO;
				MTL_FAST_MATH = YES;
				PRODUCT_NAME = "$(TARGET_NAME)";
				SWIFT_OPTIMIZATION_LEVEL = "-Owholemodule";
				SWIFT_VERSION = 5.0;
			};
			name = Release;
		};
		4D3440FE1E0437020C7C508F /* Debug */ = {
			isa = XCBuildConfiguration;
			buildSettings = {
				ALWAYS_SEARCH_USER_PATHS = NO;
				CLANG_ANALYZER_NONNULL = YES;
				CLANG_ANALYZER_NUMBER_OBJECT_CONVERSION = YES_AGGRESSIVE;
				CLANG_CXX_LANGUAGE_STANDARD = "gnu++14";
				CLANG_CXX_LIBRARY = "libc++";
				CLANG_ENABLE_MODULES = YES;
				CLANG_ENABLE_OBJC_ARC = YES;
				CLANG_ENABLE_OBJC_WEAK = YES;
				CLANG_WARN_BLOCK_CAPTURE_AUTORELEASING = YES;
				CLANG_WARN_BOOL_CONVERSION = YES;
				CLANG_WARN_COMMA = YES;
				CLANG_WARN_CONSTANT_CONVERSION = YES;
				CLANG_WARN_DEPRECATED_OBJC_IMPLEMENTATIONS = YES;
				CLANG_WARN_DIRECT_OBJC_ISA_USAGE = YES_ERROR;
				CLANG_WARN_DOCUMENTATION_COMMENTS = YES;
				CLANG_WARN_EMPTY_BODY = YES;
				CLANG_WARN_ENUM_CONVERSION = YES;
				CLANG_WARN_INFINITE_RECURSION = YES;
				CLANG_WARN_INT_CONVERSION = YES;
				CLANG_WARN_NON_LITERAL_NULL_CONVERSION = YES;
				CLANG_WARN_OBJC_IMPLICIT_RETAIN_SELF = YES;
				CLANG_WARN_OBJC_LITERAL_CONVERSION = YES;
				CLANG_WARN_OBJC_ROOT_CLASS = YES_ERROR;
				CLANG_WARN_QUOTED_INCLUDE_IN_FRAMEWORK_HEADER = YES;
				CLANG_WARN_RANGE_LOOP_ANALYSIS = YES;
				CLANG_WARN_STRICT_PROTOTYPES = YES;
				CLANG_WARN_SUSPICIOUS_MOVE = YES;
				CLANG_WARN_UNGUARDED_AVAILABILITY = YES_AGGRESSIVE;
				CLANG_WARN_UNREACHABLE_CODE = YES;
				CLANG_WARN__DUPLICATE_METHOD_MATCH = YES;
				COPY_PHASE_STRIP = NO;
				DEBUG_INFORMATION_FORMAT = dwarf;
				ENABLE_STRICT_OBJC_MSGSEND = YES;
				ENABLE_TESTABILITY = YES;
				GCC_C_LANGUAGE_STANDARD = gnu11;
				GCC_DYNAMIC_NO_PIC = NO;
				GCC_NO_COMMON_BLOCKS = YES;
				GCC_OPTIMIZATION_LEVEL = 0;
				GCC_PREPROCESSOR_DEFINITIONS = (
					"DEBUG=1",
					"$(inherited)",
				);
				GCC_WARN_64_TO_32_BIT_CONVERSION = YES;
				GCC_WARN_ABOUT_RETURN_TYPE = YES_ERROR;
				GCC_WARN_UNDECLARED_SELECTOR = YES;
				GCC_WARN_UNINITIALIZED_AUTOS = YES_AGGRESSIVE;
				GCC_WARN_UNUSED_FUNCTION = YES;
				GCC_WARN_UNUSED_VARIABLE = YES;
				MTL_ENABLE_DEBUG_INFO = INCLUDE_SOURCE;
				MTL_FAST_MATH = YES;
				ONLY_ACTIVE_ARCH = YES;
				PRODUCT_NAME = "$(TARGET_NAME)";
				SWIFT_ACTIVE_COMPILATION_CONDITIONS = DEBUG;
				SWIFT_OPTIMIZATION_LEVEL = "-Onone";
				SWIFT_VERSION = 5.0;
			};
			name = Debug;
		};
		68D3AA91AA9D8F7B3DFA99D9 /* Debug */ = {
			isa = XCBuildConfiguration;
			buildSettings = {
				BUNDLE_LOADER = "$(TEST_HOST)";
				CLANG_ENABLE_OBJC_WEAK = NO;
				GENERATE_INFOPLIST_FILE = YES;
				IPHONEOS_DEPLOYMENT_TARGET = 17.0;
				PRODUCT_BUNDLE_IDENTIFIER = com.luca.MintRideSWTests;
				SDKROOT = iphoneos;
				SWIFT_VERSION = 6.0;
				TARGETED_DEVICE_FAMILY = "1,2";
				TEST_HOST = "$(BUILT_PRODUCTS_DIR)/MintRideSW.app/MintRideSW";
			};
			name = Debug;
		};
		9A2E50AD3E9866797B2271B8 /* Release */ = {
			isa = XCBuildConfiguration;
			buildSettings = {
				ASSETCATALOG_COMPILER_APPICON_NAME = AppIcon;
				ASSETCATALOG_COMPILER_GLOBAL_ACCENT_COLOR_NAME = AccentColor;
				CLANG_ENABLE_OBJC_WEAK = NO;
				CODE_SIGN_STYLE = Automatic;
				CURRENT_PROJECT_VERSION = 1;
				DEVELOPMENT_TEAM = JUQ9UN9NM7;
				GENERATE_INFOPLIST_FILE = NO;
				INFOPLIST_FILE = MintRideSW/Info.plist;
				INFOPLIST_KEY_LSApplicationCategoryType = "public.app-category.utilities";
				IPHONEOS_DEPLOYMENT_TARGET = 17.0;
				LD_RUNPATH_SEARCH_PATHS = "$(inherited) @executable_path/Frameworks";
				MARKETING_VERSION = 1.0;
				PRODUCT_BUNDLE_IDENTIFIER = com.luca.MintRideSW;
				SDKROOT = iphoneos;
				SWIFT_EMIT_LOC_STRINGS = NO;
				SWIFT_VERSION = 6.0;
				TARGETED_DEVICE_FAMILY = "1,2";
				VALIDATE_PRODUCT = YES;
			};
			name = Release;
		};
		C37D89DCAFCED7018F8E02B7 /* Release */ = {
			isa = XCBuildConfiguration;
			buildSettings = {
				BUNDLE_LOADER = "$(TEST_HOST)";
				CLANG_ENABLE_OBJC_WEAK = NO;
				GENERATE_INFOPLIST_FILE = YES;
				IPHONEOS_DEPLOYMENT_TARGET = 17.0;
				PRODUCT_BUNDLE_IDENTIFIER = com.luca.MintRideSWTests;
				SDKROOT = iphoneos;
				SWIFT_VERSION = 6.0;
				TARGETED_DEVICE_FAMILY = "1,2";
				TEST_HOST = "$(BUILT_PRODUCTS_DIR)/MintRideSW.app/MintRideSW";
				VALIDATE_PRODUCT = YES;
			};
			name = Release;
		};
		C4ABB275326358A734F0094F /* Debug */ = {
			isa = XCBuildConfiguration;
			buildSettings = {
				ASSETCATALOG_COMPILER_APPICON_NAME = AppIcon;
				ASSETCATALOG_COMPILER_GLOBAL_ACCENT_COLOR_NAME = AccentColor;
				CLANG_ENABLE_OBJC_WEAK = NO;
				CODE_SIGN_STYLE = Automatic;
				CURRENT_PROJECT_VERSION = 1;
				DEVELOPMENT_TEAM = JUQ9UN9NM7;
				GENERATE_INFOPLIST_FILE = NO;
				INFOPLIST_FILE = MintRideSW/Info.plist;
				INFOPLIST_KEY_LSApplicationCategoryType = "public.app-category.utilities";
				IPHONEOS_DEPLOYMENT_TARGET = 17.0;
				LD_RUNPATH_SEARCH_PATHS = "$(inherited) @executable_path/Frameworks";
				MARKETING_VERSION = 1.0;
				PRODUCT_BUNDLE_IDENTIFIER = com.luca.MintRideSW;
				SDKROOT = iphoneos;
				SWIFT_EMIT_LOC_STRINGS = NO;
				SWIFT_VERSION = 6.0;
				TARGETED_DEVICE_FAMILY = "1,2";
			};
			name = Debug;
		};
/* End XCBuildConfiguration section */

/* Begin XCConfigurationList section */
		1D5BC6670C5E492B2ED45FD7 /* Build configuration list for PBXNativeTarget "MintRideSW" */ = {
			isa = XCConfigurationList;
			buildConfigurations = (
				9A2E50AD3E9866797B2271B8 /* Release */,
				C4ABB275326358A734F0094F /* Debug */,
			);
			defaultConfigurationIsVisible = 0;
			defaultConfigurationName = Release;
		};
		44E73A911315D06C025C2EA4 /* Build configuration list for PBXProject "MintRideSW" */ = {
			isa = XCConfigurationList;
			buildConfigurations = (
				4D3440FE1E0437020C7C508F /* Debug */,
				1F2E81349C0E6BE6B1CFD1C8 /* Release */,
			);
			defaultConfigurationIsVisible = 0;
			defaultConfigurationName = Release;
		};
		DCDC22B91C07A2936F69DC03 /* Build configuration list for PBXNativeTarget "MintRideSWTests" */ = {
			isa = XCConfigurationList;
			buildConfigurations = (
				C37D89DCAFCED7018F8E02B7 /* Release */,
				68D3AA91AA9D8F7B3DFA99D9 /* Debug */,
			);
			defaultConfigurationIsVisible = 0;
			defaultConfigurationName = Release;
		};
/* End XCConfigurationList section */
	};
	rootObject = 677E1F8DB44D3EBD0DB61A71 /* Project object */;
}
