// !$*UTF8*$!
{
	archiveVersion = 1;
	classes = {
	};
	objectVersion = 46;
	objects = {

/* Begin PBXBuildFile section */
		27F980937448E0A2430A1DD3 /* MintRideSWApp.swift in Sources */ = {isa = PBXBuildFile; fileRef = 334682A1D92058F1EBCD2F8F /* MintRideSWApp.swift */; };
		3FB0801A20AC1EAAEF052330 /* RunTrackerCore.swift in Sources */ = {isa = PBXBuildFile; fileRef = FB217C2566E76304F2935A0C /* RunTrackerCore.swift */; };
		4721053BB671B5EE395847EA /* HistoryView.swift in Sources */ = {isa = PBXBuildFile; fileRef = FE2874CA0B879FB6137FA215 /* HistoryView.swift */; };
		4EFA9D720B8078B3A2026874 /* TelemetryModels.swift in Sources */ = {isa = PBXBuildFile; fileRef = 0719885B8C6C1E52E8CBCA5C /* TelemetryModels.swift */; };
		6152886C90520256DBBAE86E /* Foundation.framework in Frameworks */ = {isa = PBXBuildFile; fileRef = 7CC781AE843C2C47D163C051 /* Foundation.framework */; };
		65C920FACE2EFC05EC67130A /* TelemetryManager.swift in Sources */ = {isa = PBXBuildFile; fileRef = A1401BF82BED0370C15367E2 /* TelemetryManager.swift */; };
		6DB38721044858F0909FD257 /* SettingsView.swift in Sources */ = {isa = PBXBuildFile; fileRef = 3FEA3ADE06156154733C8159 /* SettingsView.swift */; };
		86027546C5CDC56FFD8C34D0 /* MintRideSWTests.swift in Sources */ = {isa = PBXBuildFile; fileRef = CB8F37D63759D7075AB1DF39 /* MintRideSWTests.swift */; };
		87A6623AC08FBB595B7B24F4 /* BenchmarkTile.swift in Sources */ = {isa = PBXBuildFile; fileRef = 34F96A92C9FED2342CFB2C5C /* BenchmarkTile.swift */; };
		A4F1E50D7A2937397A1729F4 /* Foundation.framework in Frameworks */ = {isa = PBXBuildFile; fileRef = 7CC781AE843C2C47D163C051 /* Foundation.framework */; };
		AC591B525723574D96F37D17 /* Formatters.swift in Sources */ = {isa = PBXBuildFile; fileRef = 2C1FD0BB864F16608B6CBED1 /* Formatters.swift */; };
		B90D3FF3DA0AE856B9505BC3 /* Assets.xcassets in Resources */ = {isa = PBXBuildFile; fileRef = 349C1EDEDE99E347B3588791 /* Assets.xcassets */; };
		C6D8CC58B363FB4D52F5A109 /* HistoryModels.swift in Sources */ = {isa = PBXBuildFile; fileRef = CFDE1156B77728A25B0201E8 /* HistoryModels.swift */; };
		D3F62EF03E105BA7B71E6694 /* StopwatchEngine.swift in Sources */ = {isa = PBXBuildFile; fileRef = BC8BEEBECF431874323F0971 /* StopwatchEngine.swift */; };
		D9CE18EC9670B4C2F7168D5A /* AppSettings.swift in Sources */ = {isa = PBXBuildFile; fileRef = 36684A09BBFC06D2864B4094 /* AppSettings.swift */; };
		DA377D49FCCB730446C30FFF /* MetricTile.swift in Sources */ = {isa = PBXBuildFile; fileRef = AF6290A1E1A106B98D7799F8 /* MetricTile.swift */; };
		DAE13E52B377EE3E44647531 /* MainStopwatchView.swift in Sources */ = {isa = PBXBuildFile; fileRef = CD82AC6DF25E328E5FBBED99 /* MainStopwatchView.swift */; };
		EBC4065D6D1102CD676A49F1 /* HistoryStore.swift in Sources */ = {isa = PBXBuildFile; fileRef = 7586960388D549F326CC186E /* HistoryStore.swift */; };
/* End PBXBuildFile section */

/* Begin PBXContainerItemProxy section */
		A04D8D412E0BDB44DFE52862 /* PBXContainerItemProxy */ = {
			isa = PBXContainerItemProxy;
			containerPortal = FE5289077D629F5C677B84AD /* Project object */;
			proxyType = 1;
			remoteGlobalIDString = 2915D91C65EE85947AE27656;
			remoteInfo = MintRideSW;
		};
/* End PBXContainerItemProxy section */

/* Begin PBXFileReference section */
		0719885B8C6C1E52E8CBCA5C /* TelemetryModels.swift */ = {isa = PBXFileReference; includeInIndex = 1; lastKnownFileType = sourcecode.swift; path = TelemetryModels.swift; sourceTree = "<group>"; };
		0E6C42645C207477DCF4C2FE /* MintRideSW.app */ = {isa = PBXFileReference; explicitFileType = wrapper.application; includeInIndex = 0; path = MintRideSW.app; sourceTree = BUILT_PRODUCTS_DIR; };
		2C1FD0BB864F16608B6CBED1 /* Formatters.swift */ = {isa = PBXFileReference; includeInIndex = 1; lastKnownFileType = sourcecode.swift; path = Formatters.swift; sourceTree = "<group>"; };
		30DAFC8553324700927BC0CC /* MintRideSWTests.xctest */ = {isa = PBXFileReference; explicitFileType = wrapper.cfbundle; includeInIndex = 0; path = MintRideSWTests.xctest; sourceTree = BUILT_PRODUCTS_DIR; };
		334682A1D92058F1EBCD2F8F /* MintRideSWApp.swift */ = {isa = PBXFileReference; includeInIndex = 1; lastKnownFileType = sourcecode.swift; path = MintRideSWApp.swift; sourceTree = "<group>"; };
		349C1EDEDE99E347B3588791 /* Assets.xcassets */ = {isa = PBXFileReference; includeInIndex = 1; lastKnownFileType = folder.assetcatalog; path = Assets.xcassets; sourceTree = "<group>"; };
		34F96A92C9FED2342CFB2C5C /* BenchmarkTile.swift */ = {isa = PBXFileReference; includeInIndex = 1; lastKnownFileType = sourcecode.swift; path = BenchmarkTile.swift; sourceTree = "<group>"; };
		36684A09BBFC06D2864B4094 /* AppSettings.swift */ = {isa = PBXFileReference; includeInIndex = 1; lastKnownFileType = sourcecode.swift; path = AppSettings.swift; sourceTree = "<group>"; };
		3FEA3ADE06156154733C8159 /* SettingsView.swift */ = {isa = PBXFileReference; includeInIndex = 1; lastKnownFileType = sourcecode.swift; path = SettingsView.swift; sourceTree = "<group>"; };
		4C482F9D63767B4326E2DD66 /* Info.plist */ = {isa = PBXFileReference; includeInIndex = 1; lastKnownFileType = text.plist.xml; path = Info.plist; sourceTree = "<group>"; };
		7586960388D549F326CC186E /* HistoryStore.swift */ = {isa = PBXFileReference; includeInIndex = 1; lastKnownFileType = sourcecode.swift; path = HistoryStore.swift; sourceTree = "<group>"; };
		7CC781AE843C2C47D163C051 /* Foundation.framework */ = {isa = PBXFileReference; lastKnownFileType = wrapper.framework; name = Foundation.framework; path = Platforms/iPhoneOS.platform/Developer/SDKs/iPhoneOS18.0.sdk/System/Library/Frameworks/Foundation.framework; sourceTree = DEVELOPER_DIR; };
		A1401BF82BED0370C15367E2 /* TelemetryManager.swift */ = {isa = PBXFileReference; includeInIndex = 1; lastKnownFileType = sourcecode.swift; path = TelemetryManager.swift; sourceTree = "<group>"; };
		AF6290A1E1A106B98D7799F8 /* MetricTile.swift */ = {isa = PBXFileReference; includeInIndex = 1; lastKnownFileType = sourcecode.swift; path = MetricTile.swift; sourceTree = "<group>"; };
		BC8BEEBECF431874323F0971 /* StopwatchEngine.swift */ = {isa = PBXFileReference; includeInIndex = 1; lastKnownFileType = sourcecode.swift; path = StopwatchEngine.swift; sourceTree = "<group>"; };
		CB8F37D63759D7075AB1DF39 /* MintRideSWTests.swift */ = {isa = PBXFileReference; includeInIndex = 1; lastKnownFileType = sourcecode.swift; path = MintRideSWTests.swift; sourceTree = "<group>"; };
		CD82AC6DF25E328E5FBBED99 /* MainStopwatchView.swift */ = {isa = PBXFileReference; includeInIndex = 1; lastKnownFileType = sourcecode.swift; path = MainStopwatchView.swift; sourceTree = "<group>"; };
		CFDE1156B77728A25B0201E8 /* HistoryModels.swift */ = {isa = PBXFileReference; includeInIndex = 1; lastKnownFileType = sourcecode.swift; path = HistoryModels.swift; sourceTree = "<group>"; };
		FB217C2566E76304F2935A0C /* RunTrackerCore.swift */ = {isa = PBXFileReference; includeInIndex = 1; lastKnownFileType = sourcecode.swift; path = RunTrackerCore.swift; sourceTree = "<group>"; };
		FE2874CA0B879FB6137FA215 /* HistoryView.swift */ = {isa = PBXFileReference; includeInIndex = 1; lastKnownFileType = sourcecode.swift; path = HistoryView.swift; sourceTree = "<group>"; };
/* End PBXFileReference section */

/* Begin PBXFrameworksBuildPhase section */
		108875B18901C1C4E1BCFFBD /* Frameworks */ = {
			isa = PBXFrameworksBuildPhase;
			buildActionMask = 2147483647;
			files = (
				6152886C90520256DBBAE86E /* Foundation.framework in Frameworks */,
			);
			runOnlyForDeploymentPostprocessing = 0;
		};
		AFFFA164E8D2979659E32334 /* Frameworks */ = {
			isa = PBXFrameworksBuildPhase;
			buildActionMask = 2147483647;
			files = (
				A4F1E50D7A2937397A1729F4 /* Foundation.framework in Frameworks */,
			);
			runOnlyForDeploymentPostprocessing = 0;
		};
/* End PBXFrameworksBuildPhase section */

/* Begin PBXGroup section */
		01E8E10A174629054123AD2F /* Utilities */ = {
			isa = PBXGroup;
			children = (
				2C1FD0BB864F16608B6CBED1 /* Formatters.swift */,
			);
			path = Utilities;
			sourceTree = "<group>";
		};
		02E8BDF4C1EC1CA33B51EE46 /* Frameworks */ = {
			isa = PBXGroup;
			children = (
				3D369A8AC8F0B4EA63161D32 /* iOS */,
			);
			name = Frameworks;
			sourceTree = "<group>";
		};
		1BB40A65B8A58F9F7AFDD80D /* Products */ = {
			isa = PBXGroup;
			children = (
				0E6C42645C207477DCF4C2FE /* MintRideSW.app */,
				30DAFC8553324700927BC0CC /* MintRideSWTests.xctest */,
			);
			name = Products;
			sourceTree = "<group>";
		};
		1CF990B6286A5B50DE24CFB3 /* MintRideSW */ = {
			isa = PBXGroup;
			children = (
				FBE03D06D50BAF4AE9A7105D /* Models */,
				5D06280017A23587D744B23B /* Managers */,
				01E8E10A174629054123AD2F /* Utilities */,
				7705B46F77733D5EB9FB7545 /* Views */,
				334682A1D92058F1EBCD2F8F /* MintRideSWApp.swift */,
				4C482F9D63767B4326E2DD66 /* Info.plist */,
				349C1EDEDE99E347B3588791 /* Assets.xcassets */,
			);
			path = MintRideSW;
			sourceTree = "<group>";
		};
		1DA33B1EBBD1BB7D990879FD = {
			isa = PBXGroup;
			children = (
				1BB40A65B8A58F9F7AFDD80D /* Products */,
				02E8BDF4C1EC1CA33B51EE46 /* Frameworks */,
				1CF990B6286A5B50DE24CFB3 /* MintRideSW */,
				2F763C93F5D580E885298E58 /* MintRideSWTests */,
			);
			sourceTree = "<group>";
		};
		2F763C93F5D580E885298E58 /* MintRideSWTests */ = {
			isa = PBXGroup;
			children = (
				CB8F37D63759D7075AB1DF39 /* MintRideSWTests.swift */,
			);
			path = MintRideSWTests;
			sourceTree = "<group>";
		};
		3D369A8AC8F0B4EA63161D32 /* iOS */ = {
			isa = PBXGroup;
			children = (
				7CC781AE843C2C47D163C051 /* Foundation.framework */,
			);
			name = iOS;
			sourceTree = "<group>";
		};
		5D06280017A23587D744B23B /* Managers */ = {
			isa = PBXGroup;
			children = (
				7586960388D549F326CC186E /* HistoryStore.swift */,
				FB217C2566E76304F2935A0C /* RunTrackerCore.swift */,
				BC8BEEBECF431874323F0971 /* StopwatchEngine.swift */,
				A1401BF82BED0370C15367E2 /* TelemetryManager.swift */,
			);
			path = Managers;
			sourceTree = "<group>";
		};
		7705B46F77733D5EB9FB7545 /* Views */ = {
			isa = PBXGroup;
			children = (
				FE2874CA0B879FB6137FA215 /* HistoryView.swift */,
				34F96A92C9FED2342CFB2C5C /* BenchmarkTile.swift */,
				CD82AC6DF25E328E5FBBED99 /* MainStopwatchView.swift */,
				AF6290A1E1A106B98D7799F8 /* MetricTile.swift */,
				3FEA3ADE06156154733C8159 /* SettingsView.swift */,
			);
			path = Views;
			sourceTree = "<group>";
		};
		FBE03D06D50BAF4AE9A7105D /* Models */ = {
			isa = PBXGroup;
			children = (
				36684A09BBFC06D2864B4094 /* AppSettings.swift */,
				CFDE1156B77728A25B0201E8 /* HistoryModels.swift */,
				0719885B8C6C1E52E8CBCA5C /* TelemetryModels.swift */,
			);
			path = Models;
			sourceTree = "<group>";
		};
/* End PBXGroup section */

/* Begin PBXNativeTarget section */
		2915D91C65EE85947AE27656 /* MintRideSW */ = {
			isa = PBXNativeTarget;
			buildConfigurationList = 425F5D4733D6E73488558931 /* Build configuration list for PBXNativeTarget "MintRideSW" */;
			buildPhases = (
				682F7D8360535C992DCCF96A /* Sources */,
				AFFFA164E8D2979659E32334 /* Frameworks */,
				3FA94CB013640175A3E508A4 /* Resources */,
			);
			buildRules = (
			);
			dependencies = (
			);
			name = MintRideSW;
			productName = MintRideSW;
			productReference = 0E6C42645C207477DCF4C2FE /* MintRideSW.app */;
			productType = "com.apple.product-type.application";
		};
		C9A0E9C1F2FB2F55B8B6D429 /* MintRideSWTests */ = {
			isa = PBXNativeTarget;
			buildConfigurationList = 83B802F60B5D3200FE6BCCF5 /* Build configuration list for PBXNativeTarget "MintRideSWTests" */;
			buildPhases = (
				E83B8C08E45441D74954AC2F /* Sources */,
				108875B18901C1C4E1BCFFBD /* Frameworks */,
				B8B3E063CF366717A9E40FD0 /* Resources */,
			);
			buildRules = (
			);
			dependencies = (
				2704B7E3BD90F75B3E307A63 /* PBXTargetDependency */,
			);
			name = MintRideSWTests;
			productName = MintRideSWTests;
			productReference = 30DAFC8553324700927BC0CC /* MintRideSWTests.xctest */;
			productType = "com.apple.product-type.bundle.unit-test";
		};
/* End PBXNativeTarget section */

/* Begin PBXProject section */
		FE5289077D629F5C677B84AD /* Project object */ = {
			isa = PBXProject;
			attributes = {
				LastSwiftUpdateCheck = 1600;
				LastUpgradeCheck = 2600;
				TargetAttributes = {
					2915D91C65EE85947AE27656 = {
						DevelopmentTeam = JUQ9UN9NM7;
						ProvisioningStyle = Automatic;
					};
				};
			};
			buildConfigurationList = 077802223DFBD39277AF1FBA /* Build configuration list for PBXProject "MintRideSW" */;
			compatibilityVersion = "Xcode 3.2";
			developmentRegion = en;
			hasScannedForEncodings = 0;
			knownRegions = (
				en,
				Base,
			);
			mainGroup = 1DA33B1EBBD1BB7D990879FD;
			productRefGroup = 1BB40A65B8A58F9F7AFDD80D /* Products */;
			projectDirPath = "";
			projectRoot = "";
			targets = (
				2915D91C65EE85947AE27656 /* MintRideSW */,
				C9A0E9C1F2FB2F55B8B6D429 /* MintRideSWTests */,
			);
		};
/* End PBXProject section */

/* Begin PBXResourcesBuildPhase section */
		3FA94CB013640175A3E508A4 /* Resources */ = {
			isa = PBXResourcesBuildPhase;
			buildActionMask = 2147483647;
			files = (
				B90D3FF3DA0AE856B9505BC3 /* Assets.xcassets in Resources */,
			);
			runOnlyForDeploymentPostprocessing = 0;
		};
		B8B3E063CF366717A9E40FD0 /* Resources */ = {
			isa = PBXResourcesBuildPhase;
			buildActionMask = 2147483647;
			files = (
			);
			runOnlyForDeploymentPostprocessing = 0;
		};
/* End PBXResourcesBuildPhase section */

/* Begin PBXSourcesBuildPhase section */
		682F7D8360535C992DCCF96A /* Sources */ = {
			isa = PBXSourcesBuildPhase;
			buildActionMask = 2147483647;
			files = (
				27F980937448E0A2430A1DD3 /* MintRideSWApp.swift in Sources */,
				D9CE18EC9670B4C2F7168D5A /* AppSettings.swift in Sources */,
				C6D8CC58B363FB4D52F5A109 /* HistoryModels.swift in Sources */,
				4EFA9D720B8078B3A2026874 /* TelemetryModels.swift in Sources */,
				EBC4065D6D1102CD676A49F1 /* HistoryStore.swift in Sources */,
				3FB0801A20AC1EAAEF052330 /* RunTrackerCore.swift in Sources */,
				D3F62EF03E105BA7B71E6694 /* StopwatchEngine.swift in Sources */,
				65C920FACE2EFC05EC67130A /* TelemetryManager.swift in Sources */,
				4721053BB671B5EE395847EA /* HistoryView.swift in Sources */,
				AC591B525723574D96F37D17 /* Formatters.swift in Sources */,
				87A6623AC08FBB595B7B24F4 /* BenchmarkTile.swift in Sources */,
				DAE13E52B377EE3E44647531 /* MainStopwatchView.swift in Sources */,
				DA377D49FCCB730446C30FFF /* MetricTile.swift in Sources */,
				6DB38721044858F0909FD257 /* SettingsView.swift in Sources */,
			);
			runOnlyForDeploymentPostprocessing = 0;
		};
		E83B8C08E45441D74954AC2F /* Sources */ = {
			isa = PBXSourcesBuildPhase;
			buildActionMask = 2147483647;
			files = (
				86027546C5CDC56FFD8C34D0 /* MintRideSWTests.swift in Sources */,
			);
			runOnlyForDeploymentPostprocessing = 0;
		};
/* End PBXSourcesBuildPhase section */

/* Begin PBXTargetDependency section */
		2704B7E3BD90F75B3E307A63 /* PBXTargetDependency */ = {
			isa = PBXTargetDependency;
			name = MintRideSW;
			target = 2915D91C65EE85947AE27656 /* MintRideSW */;
			targetProxy = A04D8D412E0BDB44DFE52862 /* PBXContainerItemProxy */;
		};
/* End PBXTargetDependency section */

/* Begin XCBuildConfiguration section */
		0FB3A36953217821E8D709D6 /* Release */ = {
			isa = XCBuildConfiguration;
			buildSettings = {
				BUNDLE_LOADER = "$(TEST_HOST)";
				CLANG_ENABLE_OBJC_WEAK = NO;
				GENERATE_INFOPLIST_FILE = YES;
				IPHONEOS_DEPLOYMENT_TARGET = 17.0;
				PRODUCT_BUNDLE_IDENTIFIER = com.luca.MintRideSWTests;
				SDKROOT = iphoneos;
				SWIFT_VERSION = 6.0;
				TARGETED_DEVICE_FAMILY = "1,2";
				TEST_HOST = "$(BUILT_PRODUCTS_DIR)/MintRideSW.app/MintRideSW";
				VALIDATE_PRODUCT = YES;
			};
			name = Release;
		};
		4B89A30793D7CE06DFBE5848 /* Debug */ = {
			isa = XCBuildConfiguration;
			buildSettings = {
				BUNDLE_LOADER = "$(TEST_HOST)";
				CLANG_ENABLE_OBJC_WEAK = NO;
				GENERATE_INFOPLIST_FILE = YES;
				IPHONEOS_DEPLOYMENT_TARGET = 17.0;
				PRODUCT_BUNDLE_IDENTIFIER = com.luca.MintRideSWTests;
				SDKROOT = iphoneos;
				SWIFT_VERSION = 6.0;
				TARGETED_DEVICE_FAMILY = "1,2";
				TEST_HOST = "$(BUILT_PRODUCTS_DIR)/MintRideSW.app/MintRideSW";
			};
			name = Debug;
		};
		5C9BE33A800A9A8271BD9585 /* Release */ = {
			isa = XCBuildConfiguration;
			buildSettings = {
				ALWAYS_SEARCH_USER_PATHS = NO;
				CLANG_ANALYZER_NONNULL = YES;
				CLANG_ANALYZER_NUMBER_OBJECT_CONVERSION = YES_AGGRESSIVE;
				CLANG_CXX_LANGUAGE_STANDARD = "gnu++14";
				CLANG_CXX_LIBRARY = "libc++";
				CLANG_ENABLE_MODULES = YES;
				CLANG_ENABLE_OBJC_ARC = YES;
				CLANG_ENABLE_OBJC_WEAK = YES;
				CLANG_WARN_BLOCK_CAPTURE_AUTORELEASING = YES;
				CLANG_WARN_BOOL_CONVERSION = YES;
				CLANG_WARN_COMMA = YES;
				CLANG_WARN_CONSTANT_CONVERSION = YES;
				CLANG_WARN_DEPRECATED_OBJC_IMPLEMENTATIONS = YES;
				CLANG_WARN_DIRECT_OBJC_ISA_USAGE = YES_ERROR;
				CLANG_WARN_DOCUMENTATION_COMMENTS = YES;
				CLANG_WARN_EMPTY_BODY = YES;
				CLANG_WARN_ENUM_CONVERSION = YES;
				CLANG_WARN_INFINITE_RECURSION = YES;
				CLANG_WARN_INT_CONVERSION = YES;
				CLANG_WARN_NON_LITERAL_NULL_CONVERSION = YES;
				CLANG_WARN_OBJC_IMPLICIT_RETAIN_SELF = YES;
				CLANG_WARN_OBJC_LITERAL_CONVERSION = YES;
				CLANG_WARN_OBJC_ROOT_CLASS = YES_ERROR;
				CLANG_WARN_QUOTED_INCLUDE_IN_FRAMEWORK_HEADER = YES;
				CLANG_WARN_RANGE_LOOP_ANALYSIS = YES;
				CLANG_WARN_STRICT_PROTOTYPES = YES;
				CLANG_WARN_SUSPICIOUS_MOVE = YES;
				CLANG_WARN_UNGUARDED_AVAILABILITY = YES_AGGRESSIVE;
				CLANG_WARN_UNREACHABLE_CODE = YES;
				CLANG_WARN__DUPLICATE_METHOD_MATCH = YES;
				COPY_PHASE_STRIP = NO;
				DEBUG_INFORMATION_FORMAT = "dwarf-with-dsym";
				ENABLE_NS_ASSERTIONS = NO;
				ENABLE_STRICT_OBJC_MSGSEND = YES;
				GCC_C_LANGUAGE_STANDARD = gnu11;
				GCC_NO_COMMON_BLOCKS = YES;
				GCC_WARN_64_TO_32_BIT_CONVERSION = YES;
				GCC_WARN_ABOUT_RETURN_TYPE = YES_ERROR;
				GCC_WARN_UNDECLARED_SELECTOR = YES;
				GCC_WARN_UNINITIALIZED_AUTOS = YES_AGGRESSIVE;
				GCC_WARN_UNUSED_FUNCTION = YES;
				GCC_WARN_UNUSED_VARIABLE = YES;
				MTL_ENABLE_DEBUG_INFO = NO;
				MTL_FAST_MATH = YES;
				PRODUCT_NAME = "$(TARGET_NAME)";
				SWIFT_OPTIMIZATION_LEVEL = "-Owholemodule";
				SWIFT_VERSION = 5.0;
			};
			name = Release;
		};
		898FC5C4BF8763754F1D211A /* Debug */ = {
			isa = XCBuildConfiguration;
			buildSettings = {
				ASSETCATALOG_COMPILER_APPICON_NAME = AppIcon;
				ASSETCATALOG_COMPILER_GLOBAL_ACCENT_COLOR_NAME = AccentColor;
				CLANG_ENABLE_OBJC_WEAK = NO;
				CODE_SIGN_STYLE = Automatic;
				CURRENT_PROJECT_VERSION = 1;
				DEVELOPMENT_TEAM = JUQ9UN9NM7;
				GENERATE_INFOPLIST_FILE = NO;
				INFOPLIST_FILE = MintRideSW/Info.plist;
				INFOPLIST_KEY_CFBundleDisplayName = MintRideSW;
				INFOPLIST_KEY_LSApplicationCategoryType = "public.app-category.utilities";
				IPHONEOS_DEPLOYMENT_TARGET = 17.0;
				LD_RUNPATH_SEARCH_PATHS = "$(inherited) @executable_path/Frameworks";
				MARKETING_VERSION = 1.0;
				PRODUCT_BUNDLE_IDENTIFIER = com.luca.MintRideSW;
				SDKROOT = iphoneos;
				SWIFT_EMIT_LOC_STRINGS = NO;
				SWIFT_VERSION = 6.0;
				TARGETED_DEVICE_FAMILY = "1,2";
			};
			name = Debug;
		};
		9BFB9B640A7EAE0DEE2FEACB /* Release */ = {
			isa = XCBuildConfiguration;
			buildSettings = {
				ASSETCATALOG_COMPILER_APPICON_NAME = AppIcon;
				ASSETCATALOG_COMPILER_GLOBAL_ACCENT_COLOR_NAME = AccentColor;
				CLANG_ENABLE_OBJC_WEAK = NO;
				CODE_SIGN_STYLE = Automatic;
				CURRENT_PROJECT_VERSION = 1;
				DEVELOPMENT_TEAM = JUQ9UN9NM7;
				GENERATE_INFOPLIST_FILE = NO;
				INFOPLIST_FILE = MintRideSW/Info.plist;
				INFOPLIST_KEY_CFBundleDisplayName = MintRideSW;
				INFOPLIST_KEY_LSApplicationCategoryType = "public.app-category.utilities";
				IPHONEOS_DEPLOYMENT_TARGET = 17.0;
				LD_RUNPATH_SEARCH_PATHS = "$(inherited) @executable_path/Frameworks";
				MARKETING_VERSION = 1.0;
				PRODUCT_BUNDLE_IDENTIFIER = com.luca.MintRideSW;
				SDKROOT = iphoneos;
				SWIFT_EMIT_LOC_STRINGS = NO;
				SWIFT_VERSION = 6.0;
				TARGETED_DEVICE_FAMILY = "1,2";
				VALIDATE_PRODUCT = YES;
			};
			name = Release;
		};
		B2C8652A3F5D35E19071BBC3 /* Debug */ = {
			isa = XCBuildConfiguration;
			buildSettings = {
				ALWAYS_SEARCH_USER_PATHS = NO;
				CLANG_ANALYZER_NONNULL = YES;
				CLANG_ANALYZER_NUMBER_OBJECT_CONVERSION = YES_AGGRESSIVE;
				CLANG_CXX_LANGUAGE_STANDARD = "gnu++14";
				CLANG_CXX_LIBRARY = "libc++";
				CLANG_ENABLE_MODULES = YES;
				CLANG_ENABLE_OBJC_ARC = YES;
				CLANG_ENABLE_OBJC_WEAK = YES;
				CLANG_WARN_BLOCK_CAPTURE_AUTORELEASING = YES;
				CLANG_WARN_BOOL_CONVERSION = YES;
				CLANG_WARN_COMMA = YES;
				CLANG_WARN_CONSTANT_CONVERSION = YES;
				CLANG_WARN_DEPRECATED_OBJC_IMPLEMENTATIONS = YES;
				CLANG_WARN_DIRECT_OBJC_ISA_USAGE = YES_ERROR;
				CLANG_WARN_DOCUMENTATION_COMMENTS = YES;
				CLANG_WARN_EMPTY_BODY = YES;
				CLANG_WARN_ENUM_CONVERSION = YES;
				CLANG_WARN_INFINITE_RECURSION = YES;
				CLANG_WARN_INT_CONVERSION = YES;
				CLANG_WARN_NON_LITERAL_NULL_CONVERSION = YES;
				CLANG_WARN_OBJC_IMPLICIT_RETAIN_SELF = YES;
				CLANG_WARN_OBJC_LITERAL_CONVERSION = YES;
				CLANG_WARN_OBJC_ROOT_CLASS = YES_ERROR;
				CLANG_WARN_QUOTED_INCLUDE_IN_FRAMEWORK_HEADER = YES;
				CLANG_WARN_RANGE_LOOP_ANALYSIS = YES;
				CLANG_WARN_STRICT_PROTOTYPES = YES;
				CLANG_WARN_SUSPICIOUS_MOVE = YES;
				CLANG_WARN_UNGUARDED_AVAILABILITY = YES_AGGRESSIVE;
				CLANG_WARN_UNREACHABLE_CODE = YES;
				CLANG_WARN__DUPLICATE_METHOD_MATCH = YES;
				COPY_PHASE_STRIP = NO;
				DEBUG_INFORMATION_FORMAT = dwarf;
				ENABLE_STRICT_OBJC_MSGSEND = YES;
				ENABLE_TESTABILITY = YES;
				GCC_C_LANGUAGE_STANDARD = gnu11;
				GCC_DYNAMIC_NO_PIC = NO;
				GCC_NO_COMMON_BLOCKS = YES;
				GCC_OPTIMIZATION_LEVEL = 0;
				GCC_PREPROCESSOR_DEFINITIONS = (
					"DEBUG=1",
					"$(inherited)",
				);
				GCC_WARN_64_TO_32_BIT_CONVERSION = YES;
				GCC_WARN_ABOUT_RETURN_TYPE = YES_ERROR;
				GCC_WARN_UNDECLARED_SELECTOR = YES;
				GCC_WARN_UNINITIALIZED_AUTOS = YES_AGGRESSIVE;
				GCC_WARN_UNUSED_FUNCTION = YES;
				GCC_WARN_UNUSED_VARIABLE = YES;
				MTL_ENABLE_DEBUG_INFO = INCLUDE_SOURCE;
				MTL_FAST_MATH = YES;
				ONLY_ACTIVE_ARCH = YES;
				PRODUCT_NAME = "$(TARGET_NAME)";
				SWIFT_ACTIVE_COMPILATION_CONDITIONS = DEBUG;
				SWIFT_OPTIMIZATION_LEVEL = "-Onone";
				SWIFT_VERSION = 5.0;
			};
			name = Debug;
		};
/* End XCBuildConfiguration section */

/* Begin XCConfigurationList section */
		077802223DFBD39277AF1FBA /* Build configuration list for PBXProject "MintRideSW" */ = {
			isa = XCConfigurationList;
			buildConfigurations = (
				B2C8652A3F5D35E19071BBC3 /* Debug */,
				5C9BE33A800A9A8271BD9585 /* Release */,
			);
			defaultConfigurationIsVisible = 0;
			defaultConfigurationName = Release;
		};
		425F5D4733D6E73488558931 /* Build configuration list for PBXNativeTarget "MintRideSW" */ = {
			isa = XCConfigurationList;
			buildConfigurations = (
				9BFB9B640A7EAE0DEE2FEACB /* Release */,
				898FC5C4BF8763754F1D211A /* Debug */,
			);
			defaultConfigurationIsVisible = 0;
			defaultConfigurationName = Release;
		};
		83B802F60B5D3200FE6BCCF5 /* Build configuration list for PBXNativeTarget "MintRideSWTests" */ = {
			isa = XCConfigurationList;
			buildConfigurations = (
				0FB3A36953217821E8D709D6 /* Release */,
				4B89A30793D7CE06DFBE5848 /* Debug */,
			);
			defaultConfigurationIsVisible = 0;
			defaultConfigurationName = Release;
		};
/* End XCConfigurationList section */
	};
	rootObject = FE5289077D629F5C677B84AD /* Project object */;
}
